
Microsoft Visual Studio Solution File, Format Version 12.00
# Visual Studio Version 17
VisualStudioVersion = 17.12.35707.178 d17.12
MinimumVisualStudioVersion = 10.0.40219.1
Project("{FAE04EC0-301F-11D3-BF4B-00C04F79EFBC}") = "103022330105_Naufal Fahreza", "103022330105_Naufal Fahreza.csproj", "{50C466BB-B0AE-4EF4-B9E4-06E0FEFE7813}"
EndProject
Global
	GlobalSection(SolutionConfigurationPlatforms) = preSolution
		Debug|Any CPU = Debug|Any CPU
		Release|Any CPU = Release|Any CPU
	EndGlobalSection
	GlobalSection(ProjectConfigurationPlatforms) = postSolution
		{50C466BB-B0AE-4EF4-B9E4-06E0FEFE7813}.Debug|Any CPU.ActiveCfg = Debug|Any CPU
		{50C466BB-B0AE-4EF4-B9E4-06E0FEFE7813}.Debug|Any CPU.Build.0 = Debug|Any CPU
		{50C466BB-B0AE-4EF4-B9E4-06E0FEFE7813}.Release|Any CPU.ActiveCfg = Release|Any CPU
		{50C466BB-B0AE-4EF4-B9E4-06E0FEFE7813}.Release|Any CPU.Build.0 = Release|Any CPU
	EndGlobalSection
	GlobalSection(SolutionProperties) = preSolution
		HideSolutionNode = FALSE
	EndGlobalSection
EndGlobal
